// !$*UTF8*$!
{
	archiveVersion = 1;
	classes = {
	};
	objectVersion = 50;
	objects = {

/* Begin PBXBuildFile section */
		157EE7ED26772BDB000750A0 /* AppDelegate.m in Sources */ = {isa = PBXBuildFile; fileRef = 157EE7EC26772BDB000750A0 /* AppDelegate.m */; };
		157EE7F026772BDB000750A0 /* SceneDelegate.m in Sources */ = {isa = PBXBuildFile; fileRef = 157EE7EF26772BDB000750A0 /* SceneDelegate.m */; };
		157EE7F626772BDB000750A0 /* Main.storyboard in Resources */ = {isa = PBXBuildFile; fileRef = 157EE7F426772BDB000750A0 /* Main.storyboard */; };
		157EE7F826772BDE000750A0 /* Assets.xcassets in Resources */ = {isa = PBXBuildFile; fileRef = 157EE7F726772BDE000750A0 /* Assets.xcassets */; };
		157EE7FB26772BDE000750A0 /* LaunchScreen.storyboard in Resources */ = {isa = PBXBuildFile; fileRef = 157EE7F926772BDE000750A0 /* LaunchScreen.storyboard */; };
		157EE7FE26772BDE000750A0 /* main.m in Sources */ = {isa = PBXBuildFile; fileRef = 157EE7FD26772BDE000750A0 /* main.m */; };
		157EE80726772C29000750A0 /* GameViewController.m in Sources */ = {isa = PBXBuildFile; fileRef = 157EE80626772C29000750A0 /* GameViewController.m */; };
/* End PBXBuildFile section */

/* Begin PBXFileReference section */
		157EE7E826772BDB000750A0 /* Ping-Pong.app */ = {isa = PBXFileReference; explicitFileType = wrapper.application; includeInIndex = 0; path = "Ping-Pong.app"; sourceTree = BUILT_PRODUCTS_DIR; };
		157EE7EB26772BDB000750A0 /* AppDelegate.h */ = {isa = PBXFileReference; lastKnownFileType = sourcecode.c.h; path = AppDelegate.h; sourceTree = "<group>"; };
		157EE7EC26772BDB000750A0 /* AppDelegate.m */ = {isa = PBXFileReference; lastKnownFileType = sourcecode.c.objc; path = AppDelegate.m; sourceTree = "<group>"; };
		157EE7EE26772BDB000750A0 /* SceneDelegate.h */ = {isa = PBXFileReference; lastKnownFileType = sourcecode.c.h; path = SceneDelegate.h; sourceTree = "<group>"; };
		157EE7EF26772BDB000750A0 /* SceneDelegate.m */ = {isa = PBXFileReference; lastKnownFileType = sourcecode.c.objc; path = SceneDelegate.m; sourceTree = "<group>"; };
		157EE7F526772BDB000750A0 /* Base */ = {isa = PBXFileReference; lastKnownFileType = file.storyboard; name = Base; path = Base.lproj/Main.storyboard; sourceTree = "<group>"; };
		157EE7F726772BDE000750A0 /* Assets.xcassets */ = {isa = PBXFileReference; lastKnownFileType = folder.assetcatalog; path = Assets.xcassets; sourceTree = "<group>"; };
		157EE7FA26772BDE000750A0 /* Base */ = {isa = PBXFileReference; lastKnownFileType = file.storyboard; name = Base; path = Base.lproj/LaunchScreen.storyboard; sourceTree = "<group>"; };
		157EE7FC26772BDE000750A0 /* Info.plist */ = {isa = PBXFileReference; lastKnownFileType = text.plist.xml; path = Info.plist; sourceTree = "<group>"; };
		157EE7FD26772BDE000750A0 /* main.m */ = {isa = PBXFileReference; lastKnownFileType = sourcecode.c.objc; path = main.m; sourceTree = "<group>"; };
		157EE80526772C29000750A0 /* GameViewController.h */ = {isa = PBXFileReference; lastKnownFileType = sourcecode.c.h; path = GameViewController.h; sourceTree = "<group>"; };
		157EE80626772C29000750A0 /* GameViewController.m */ = {isa = PBXFileReference; lastKnownFileType = sourcecode.c.objc; path = GameViewController.m; sourceTree = "<group>"; };
/* End PBXFileReference section */

/* Begin PBXFrameworksBuildPhase section */
		157EE7E526772BDB000750A0 /* Frameworks */ = {
			isa = PBXFrameworksBuildPhase;
			buildActionMask = 2147483647;
			files = (
			);
			runOnlyForDeploymentPostprocessing = 0;
		};
/* End PBXFrameworksBuildPhase section */

/* Begin PBXGroup section */
		157EE7DF26772BDB000750A0 = {
			isa = PBXGroup;
			children = (
				157EE7EA26772BDB000750A0 /* Ping-Pong */,
				157EE7E926772BDB000750A0 /* Products */,
			);
			sourceTree = "<group>";
		};
		157EE7E926772BDB000750A0 /* Products */ = {
			isa = PBXGroup;
			children = (
				157EE7E826772BDB000750A0 /* Ping-Pong.app */,
			);
			name = Products;
			sourceTree = "<group>";
		};
		157EE7EA26772BDB000750A0 /* Ping-Pong */ = {
			isa = PBXGroup;
			children = (
				157EE7EB26772BDB000750A0 /* AppDelegate.h */,
				157EE7EC26772BDB000750A0 /* AppDelegate.m */,
				157EE7EE26772BDB000750A0 /* SceneDelegate.h */,
				157EE7EF26772BDB000750A0 /* SceneDelegate.m */,
				157EE7F426772BDB000750A0 /* Main.storyboard */,
				157EE80526772C29000750A0 /* GameViewController.h */,
				157EE80626772C29000750A0 /* GameViewController.m */,
				157EE7F726772BDE000750A0 /* Assets.xcassets */,
				157EE7F926772BDE000750A0 /* LaunchScreen.storyboard */,
				157EE7FC26772BDE000750A0 /* Info.plist */,
				157EE7FD26772BDE000750A0 /* main.m */,
			);
			path = "Ping-Pong";
			sourceTree = "<group>";
		};
/* End PBXGroup section */

/* Begin PBXNativeTarget section */
		157EE7E726772BDB000750A0 /* Ping-Pong */ = {
			isa = PBXNativeTarget;
			buildConfigurationList = 157EE80126772BDE000750A0 /* Build configuration list for PBXNativeTarget "Ping-Pong" */;
			buildPhases = (
				157EE7E426772BDB000750A0 /* Sources */,
				157EE7E526772BDB000750A0 /* Frameworks */,
				157EE7E626772BDB000750A0 /* Resources */,
			);
			buildRules = (
			);
			dependencies = (
			);
			name = "Ping-Pong";
			productName = "Ping-Pong";
			productReference = 157EE7E826772BDB000750A0 /* Ping-Pong.app */;
			productType = "com.apple.product-type.application";
		};
/* End PBXNativeTarget section */

/* Begin PBXProject section */
		157EE7E026772BDB000750A0 /* Project object */ = {
			isa = PBXProject;
			attributes = {
				LastUpgradeCheck = 1210;
				TargetAttributes = {
					157EE7E726772BDB000750A0 = {
						CreatedOnToolsVersion = 12.1;
					};
				};
			};
			buildConfigurationList = 157EE7E326772BDB000750A0 /* Build configuration list for PBXProject "Ping-Pong" */;
			compatibilityVersion = "Xcode 9.3";
			developmentRegion = en;
			hasScannedForEncodings = 0;
			knownRegions = (
				en,
				Base,
			);
			mainGroup = 157EE7DF26772BDB000750A0;
			productRefGroup = 157EE7E926772BDB000750A0 /* Products */;
			projectDirPath = "";
			projectRoot = "";
			targets = (
				157EE7E726772BDB000750A0 /* Ping-Pong */,
			);
		};
/* End PBXProject section */

/* Begin PBXResourcesBuildPhase section */
		157EE7E626772BDB000750A0 /* Resources */ = {
			isa = PBXResourcesBuildPhase;
			buildActionMask = 2147483647;
			files = (
				157EE7FB26772BDE000750A0 /* LaunchScreen.storyboard in Resources */,
				157EE7F826772BDE000750A0 /* Assets.xcassets in Resources */,
				157EE7F626772BDB000750A0 /* Main.storyboard in Resources */,
			);
			runOnlyForDeploymentPostprocessing = 0;
		};
/* End PBXResourcesBuildPhase section */

/* Begin PBXSourcesBuildPhase section */
		157EE7E426772BDB000750A0 /* Sources */ = {
			isa = PBXSourcesBuildPhase;
			buildActionMask = 2147483647;
			files = (
				157EE80726772C29000750A0 /* GameViewController.m in Sources */,
				157EE7ED26772BDB000750A0 /* AppDelegate.m in Sources */,
				157EE7FE26772BDE000750A0 /* main.m in Sources */,
				157EE7F026772BDB000750A0 /* SceneDelegate.m in Sources */,
			);
			runOnlyForDeploymentPostprocessing = 0;
		};
/* End PBXSourcesBuildPhase section */

/* Begin PBXVariantGroup section */
		157EE7F426772BDB000750A0 /* Main.storyboard */ = {
			isa = PBXVariantGroup;
			children = (
				157EE7F526772BDB000750A0 /* Base */,
			);
			name = Main.storyboard;
			sourceTree = "<group>";
		};
		157EE7F926772BDE000750A0 /* LaunchScreen.storyboard */ = {
			isa = PBXVariantGroup;
			children = (
				157EE7FA26772BDE000750A0 /* Base */,
			);
			name = LaunchScreen.storyboard;
			sourceTree = "<group>";
		};
/* End PBXVariantGroup section */

/* Begin XCBuildConfiguration section */
		157EE7FF26772BDE000750A0 /* Debug */ = {
			isa = XCBuildConfiguration;
			buildSettings = {
				ALWAYS_SEARCH_USER_PATHS = NO;
				CLANG_ANALYZER_NONNULL = YES;
				CLANG_ANALYZER_NUMBER_OBJECT_CONVERSION = YES_AGGRESSIVE;
				CLANG_CXX_LANGUAGE_STANDARD = "gnu++14";
				CLANG_CXX_LIBRARY = "libc++";
				CLANG_ENABLE_MODULES = YES;
				CLANG_ENABLE_OBJC_ARC = YES;
				CLANG_ENABLE_OBJC_WEAK = YES;
				CLANG_WARN_BLOCK_CAPTURE_AUTORELEASING = YES;
				CLANG_WARN_BOOL_CONVERSION = YES;
				CLANG_WARN_COMMA = YES;
				CLANG_WARN_CONSTANT_CONVERSION = YES;
				CLANG_WARN_DEPRECATED_OBJC_IMPLEMENTATIONS = YES;
				CLANG_WARN_DIRECT_OBJC_ISA_USAGE = YES_ERROR;
				CLANG_WARN_DOCUMENTATION_COMMENTS = YES;
				CLANG_WARN_EMPTY_BODY = YES;
				CLANG_WARN_ENUM_CONVERSION = YES;
				CLANG_WARN_INFINITE_RECURSION = YES;
				CLANG_WARN_INT_CONVERSION = YES;
				CLANG_WARN_NON_LITERAL_NULL_CONVERSION = YES;
				CLANG_WARN_OBJC_IMPLICIT_RETAIN_SELF = YES;
				CLANG_WARN_OBJC_LITERAL_CONVERSION = YES;
				CLANG_WARN_OBJC_ROOT_CLASS = YES_ERROR;
				CLANG_WARN_QUOTED_INCLUDE_IN_FRAMEWORK_HEADER = YES;
				CLANG_WARN_RANGE_LOOP_ANALYSIS = YES;
				CLANG_WARN_STRICT_PROTOTYPES = YES;
				CLANG_WARN_SUSPICIOUS_MOVE = YES;
				CLANG_WARN_UNGUARDED_AVAILABILITY = YES_AGGRESSIVE;
				CLANG_WARN_UNREACHABLE_CODE = YES;
				CLANG_WARN__DUPLICATE_METHOD_MATCH = YES;
				COPY_PHASE_STRIP = NO;
				DEBUG_INFORMATION_FORMAT = dwarf;
				ENABLE_STRICT_OBJC_MSGSEND = YES;
				ENABLE_TESTABILITY = YES;
				GCC_C_LANGUAGE_STANDARD = gnu11;
				GCC_DYNAMIC_NO_PIC = NO;
				GCC_NO_COMMON_BLOCKS = YES;
				GCC_OPTIMIZATION_LEVEL = 0;
				GCC_PREPROCESSOR_DEFINITIONS = (
					"DEBUG=1",
					"$(inherited)",
				);
				GCC_WARN_64_TO_32_BIT_CONVERSION = YES;
				GCC_WARN_ABOUT_RETURN_TYPE = YES_ERROR;
				GCC_WARN_UNDECLARED_SELECTOR = YES;
				GCC_WARN_UNINITIALIZED_AUTOS = YES_AGGRESSIVE;
				GCC_WARN_UNUSED_FUNCTION = YES;
				GCC_WARN_UNUSED_VARIABLE = YES;
				IPHONEOS_DEPLOYMENT_TARGET = 14.1;
				MTL_ENABLE_DEBUG_INFO = INCLUDE_SOURCE;
				MTL_FAST_MATH = YES;
				ONLY_ACTIVE_ARCH = YES;
				SDKROOT = iphoneos;
			};
			name = Debug;
		};
		157EE80026772BDE000750A0 /* Release */ = {
			isa = XCBuildConfiguration;
			buildSettings = {
				ALWAYS_SEARCH_USER_PATHS = NO;
				CLANG_ANALYZER_NONNULL = YES;
				CLANG_ANALYZER_NUMBER_OBJECT_CONVERSION = YES_AGGRESSIVE;
				CLANG_CXX_LANGUAGE_STANDARD = "gnu++14";
				CLANG_CXX_LIBRARY = "libc++";
				CLANG_ENABLE_MODULES = YES;
				CLANG_ENABLE_OBJC_ARC = YES;
				CLANG_ENABLE_OBJC_WEAK = YES;
				CLANG_WARN_BLOCK_CAPTURE_AUTORELEASING = YES;
				CLANG_WARN_BOOL_CONVERSION = YES;
				CLANG_WARN_COMMA = YES;
				CLANG_WARN_CONSTANT_CONVERSION = YES;
				CLANG_WARN_DEPRECATED_OBJC_IMPLEMENTATIONS = YES;
				CLANG_WARN_DIRECT_OBJC_ISA_USAGE = YES_ERROR;
				CLANG_WARN_DOCUMENTATION_COMMENTS = YES;
				CLANG_WARN_EMPTY_BODY = YES;
				CLANG_WARN_ENUM_CONVERSION = YES;
				CLANG_WARN_INFINITE_RECURSION = YES;
				CLANG_WARN_INT_CONVERSION = YES;
				CLANG_WARN_NON_LITERAL_NULL_CONVERSION = YES;
				CLANG_WARN_OBJC_IMPLICIT_RETAIN_SELF = YES;
				CLANG_WARN_OBJC_LITERAL_CONVERSION = YES;
				CLANG_WARN_OBJC_ROOT_CLASS = YES_ERROR;
				CLANG_WARN_QUOTED_INCLUDE_IN_FRAMEWORK_HEADER = YES;
				CLANG_WARN_RANGE_LOOP_ANALYSIS = YES;
				CLANG_WARN_STRICT_PROTOTYPES = YES;
				CLANG_WARN_SUSPICIOUS_MOVE = YES;
				CLANG_WARN_UNGUARDED_AVAILABILITY = YES_AGGRESSIVE;
				CLANG_WARN_UNREACHABLE_CODE = YES;
				CLANG_WARN__DUPLICATE_METHOD_MATCH = YES;
				COPY_PHASE_STRIP = NO;
				DEBUG_INFORMATION_FORMAT = "dwarf-with-dsym";
				ENABLE_NS_ASSERTIONS = NO;
				ENABLE_STRICT_OBJC_MSGSEND = YES;
				GCC_C_LANGUAGE_STANDARD = gnu11;
				GCC_NO_COMMON_BLOCKS = YES;
				GCC_WARN_64_TO_32_BIT_CONVERSION = YES;
				GCC_WARN_ABOUT_RETURN_TYPE = YES_ERROR;
				GCC_WARN_UNDECLARED_SELECTOR = YES;
				GCC_WARN_UNINITIALIZED_AUTOS = YES_AGGRESSIVE;
				GCC_WARN_UNUSED_FUNCTION = YES;
				GCC_WARN_UNUSED_VARIABLE = YES;
				IPHONEOS_DEPLOYMENT_TARGET = 14.1;
				MTL_ENABLE_DEBUG_INFO = NO;
				MTL_FAST_MATH = YES;
				SDKROOT = iphoneos;
				VALIDATE_PRODUCT = YES;
			};
			name = Release;
		};
		157EE80226772BDE000750A0 /* Debug */ = {
			isa = XCBuildConfiguration;
			buildSettings = {
				ASSETCATALOG_COMPILER_APPICON_NAME = AppIcon;
				ASSETCATALOG_COMPILER_GLOBAL_ACCENT_COLOR_NAME = AccentColor;
				CODE_SIGN_STYLE = Automatic;
				DEVELOPMENT_TEAM = DQ48S8SUS4;
				INFOPLIST_FILE = "Ping-Pong/Info.plist";
				LD_RUNPATH_SEARCH_PATHS = (
					"$(inherited)",
					"@executable_path/Frameworks",
				);
				PRODUCT_BUNDLE_IDENTIFIER = "ru.50.AlexanderFomin.Ping-Pong";
				PRODUCT_NAME = "$(TARGET_NAME)";
				TARGETED_DEVICE_FAMILY = "1,2";
			};
			name = Debug;
		};
		157EE80326772BDE000750A0 /* Release */ = {
			isa = XCBuildConfiguration;
			buildSettings = {
				ASSETCATALOG_COMPILER_APPICON_NAME = AppIcon;
				ASSETCATALOG_COMPILER_GLOBAL_ACCENT_COLOR_NAME = AccentColor;
				CODE_SIGN_STYLE = Automatic;
				DEVELOPMENT_TEAM = DQ48S8SUS4;
				INFOPLIST_FILE = "Ping-Pong/Info.plist";
				LD_RUNPATH_SEARCH_PATHS = (
					"$(inherited)",
					"@executable_path/Frameworks",
				);
				PRODUCT_BUNDLE_IDENTIFIER = "ru.50.AlexanderFomin.Ping-Pong";
				PRODUCT_NAME = "$(TARGET_NAME)";
				TARGETED_DEVICE_FAMILY = "1,2";
			};
			name = Release;
		};
/* End XCBuildConfiguration section */

/* Begin XCConfigurationList section */
		157EE7E326772BDB000750A0 /* Build configuration list for PBXProject "Ping-Pong" */ = {
			isa = XCConfigurationList;
			buildConfigurations = (
				157EE7FF26772BDE000750A0 /* Debug */,
				157EE80026772BDE000750A0 /* Release */,
			);
			defaultConfigurationIsVisible = 0;
			defaultConfigurationName = Release;
		};
		157EE80126772BDE000750A0 /* Build configuration list for PBXNativeTarget "Ping-Pong" */ = {
			isa = XCConfigurationList;
			buildConfigurations = (
				157EE80226772BDE000750A0 /* Debug */,
				157EE80326772BDE000750A0 /* Release */,
			);
			defaultConfigurationIsVisible = 0;
			defaultConfigurationName = Release;
		};
/* End XCConfigurationList section */
	};
	rootObject = 157EE7E026772BDB000750A0 /* Project object */;
}
